
Microsoft Visual Studio Solution File, Format Version 12.00
# Visual Studio Version 17
VisualStudioVersion = 17.0.31903.59
MinimumVisualStudioVersion = 10.0.40219.1
Project("{FAE04EC0-301F-11D3-BF4B-00C04F79EFBC}") = "Contracts", "Contracts\Contracts.csproj", "{C52BB649-D1A3-4D94-9738-76F8EB7FC939}"
EndProject
Project("{FAE04EC0-301F-11D3-BF4B-00C04F79EFBC}") = "LoggerService", "LoggerService\LoggerService.csproj", "{411CFE1D-5F10-4071-A879-8C6F94FD085D}"
EndProject
Project("{FAE04EC0-301F-11D3-BF4B-00C04F79EFBC}") = "API", "API\API.csproj", "{B01CD7F6-C460-47E7-B816-D7BB738E9FE0}"
EndProject
Project("{FAE04EC0-301F-11D3-BF4B-00C04F79EFBC}") = "Entities", "Entities\Entities.csproj", "{556E2189-9B31-4DE2-80FA-CA7F14E8E948}"
EndProject
Project("{FAE04EC0-301F-11D3-BF4B-00C04F79EFBC}") = "Repositories", "Repositories\Repositories.csproj", "{1CD283B1-2DD0-499A-80B2-08FF91530C2D}"
EndProject
Project("{FAE04EC0-301F-11D3-BF4B-00C04F79EFBC}") = "Service.Contracts", "Service.Contracts\Service.Contracts.csproj", "{C5AE3E6A-8736-4BCF-B76B-BDC015341DF6}"
EndProject
Project("{FAE04EC0-301F-11D3-BF4B-00C04F79EFBC}") = "Services", "Services\Services.csproj", "{C31CB557-D719-44AF-9714-4B073EEE5165}"
EndProject
Project("{FAE04EC0-301F-11D3-BF4B-00C04F79EFBC}") = "Presentation", "Presentation\Presentation.csproj", "{F338B93A-4269-44EF-9A81-E04E7AFACE2A}"
EndProject
Project("{FAE04EC0-301F-11D3-BF4B-00C04F79EFBC}") = "Shared", "Shared\Shared.csproj", "{2E274B9A-A503-49B3-823B-22530BED009D}"
EndProject
Project("{2150E333-8FDC-42A3-9474-1A3956D46DE8}") = "Tests", "Tests", "{DB40341B-16AE-466A-8CF2-40A46A427E35}"
EndProject
Project("{FAE04EC0-301F-11D3-BF4B-00C04F79EFBC}") = "Presentation.Test", "Tests\Presentation.Test\Presentation.Test.csproj", "{7AEC1085-4419-4703-9DA4-B276AFFD0D15}"
EndProject
Global
	GlobalSection(SolutionConfigurationPlatforms) = preSolution
		Debug|Any CPU = Debug|Any CPU
		Release|Any CPU = Release|Any CPU
	EndGlobalSection
	GlobalSection(SolutionProperties) = preSolution
		HideSolutionNode = FALSE
	EndGlobalSection
	GlobalSection(ProjectConfigurationPlatforms) = postSolution
		{C52BB649-D1A3-4D94-9738-76F8EB7FC939}.Debug|Any CPU.ActiveCfg = Debug|Any CPU
		{C52BB649-D1A3-4D94-9738-76F8EB7FC939}.Debug|Any CPU.Build.0 = Debug|Any CPU
		{C52BB649-D1A3-4D94-9738-76F8EB7FC939}.Release|Any CPU.ActiveCfg = Release|Any CPU
		{C52BB649-D1A3-4D94-9738-76F8EB7FC939}.Release|Any CPU.Build.0 = Release|Any CPU
		{411CFE1D-5F10-4071-A879-8C6F94FD085D}.Debug|Any CPU.ActiveCfg = Debug|Any CPU
		{411CFE1D-5F10-4071-A879-8C6F94FD085D}.Debug|Any CPU.Build.0 = Debug|Any CPU
		{411CFE1D-5F10-4071-A879-8C6F94FD085D}.Release|Any CPU.ActiveCfg = Release|Any CPU
		{411CFE1D-5F10-4071-A879-8C6F94FD085D}.Release|Any CPU.Build.0 = Release|Any CPU
		{B01CD7F6-C460-47E7-B816-D7BB738E9FE0}.Debug|Any CPU.ActiveCfg = Debug|Any CPU
		{B01CD7F6-C460-47E7-B816-D7BB738E9FE0}.Debug|Any CPU.Build.0 = Debug|Any CPU
		{B01CD7F6-C460-47E7-B816-D7BB738E9FE0}.Release|Any CPU.ActiveCfg = Release|Any CPU
		{B01CD7F6-C460-47E7-B816-D7BB738E9FE0}.Release|Any CPU.Build.0 = Release|Any CPU
		{556E2189-9B31-4DE2-80FA-CA7F14E8E948}.Debug|Any CPU.ActiveCfg = Debug|Any CPU
		{556E2189-9B31-4DE2-80FA-CA7F14E8E948}.Debug|Any CPU.Build.0 = Debug|Any CPU
		{556E2189-9B31-4DE2-80FA-CA7F14E8E948}.Release|Any CPU.ActiveCfg = Release|Any CPU
		{556E2189-9B31-4DE2-80FA-CA7F14E8E948}.Release|Any CPU.Build.0 = Release|Any CPU
		{1CD283B1-2DD0-499A-80B2-08FF91530C2D}.Debug|Any CPU.ActiveCfg = Debug|Any CPU
		{1CD283B1-2DD0-499A-80B2-08FF91530C2D}.Debug|Any CPU.Build.0 = Debug|Any CPU
		{1CD283B1-2DD0-499A-80B2-08FF91530C2D}.Release|Any CPU.ActiveCfg = Release|Any CPU
		{1CD283B1-2DD0-499A-80B2-08FF91530C2D}.Release|Any CPU.Build.0 = Release|Any CPU
		{C5AE3E6A-8736-4BCF-B76B-BDC015341DF6}.Debug|Any CPU.ActiveCfg = Debug|Any CPU
		{C5AE3E6A-8736-4BCF-B76B-BDC015341DF6}.Debug|Any CPU.Build.0 = Debug|Any CPU
		{C5AE3E6A-8736-4BCF-B76B-BDC015341DF6}.Release|Any CPU.ActiveCfg = Release|Any CPU
		{C5AE3E6A-8736-4BCF-B76B-BDC015341DF6}.Release|Any CPU.Build.0 = Release|Any CPU
		{C31CB557-D719-44AF-9714-4B073EEE5165}.Debug|Any CPU.ActiveCfg = Debug|Any CPU
		{C31CB557-D719-44AF-9714-4B073EEE5165}.Debug|Any CPU.Build.0 = Debug|Any CPU
		{C31CB557-D719-44AF-9714-4B073EEE5165}.Release|Any CPU.ActiveCfg = Release|Any CPU
		{C31CB557-D719-44AF-9714-4B073EEE5165}.Release|Any CPU.Build.0 = Release|Any CPU
		{F338B93A-4269-44EF-9A81-E04E7AFACE2A}.Debug|Any CPU.ActiveCfg = Debug|Any CPU
		{F338B93A-4269-44EF-9A81-E04E7AFACE2A}.Debug|Any CPU.Build.0 = Debug|Any CPU
		{F338B93A-4269-44EF-9A81-E04E7AFACE2A}.Release|Any CPU.ActiveCfg = Release|Any CPU
		{F338B93A-4269-44EF-9A81-E04E7AFACE2A}.Release|Any CPU.Build.0 = Release|Any CPU
		{2E274B9A-A503-49B3-823B-22530BED009D}.Debug|Any CPU.ActiveCfg = Debug|Any CPU
		{2E274B9A-A503-49B3-823B-22530BED009D}.Debug|Any CPU.Build.0 = Debug|Any CPU
		{2E274B9A-A503-49B3-823B-22530BED009D}.Release|Any CPU.ActiveCfg = Release|Any CPU
		{2E274B9A-A503-49B3-823B-22530BED009D}.Release|Any CPU.Build.0 = Release|Any CPU
		{7AEC1085-4419-4703-9DA4-B276AFFD0D15}.Debug|Any CPU.ActiveCfg = Debug|Any CPU
		{7AEC1085-4419-4703-9DA4-B276AFFD0D15}.Debug|Any CPU.Build.0 = Debug|Any CPU
		{7AEC1085-4419-4703-9DA4-B276AFFD0D15}.Release|Any CPU.ActiveCfg = Release|Any CPU
		{7AEC1085-4419-4703-9DA4-B276AFFD0D15}.Release|Any CPU.Build.0 = Release|Any CPU
	EndGlobalSection
	GlobalSection(NestedProjects) = preSolution
		{7AEC1085-4419-4703-9DA4-B276AFFD0D15} = {DB40341B-16AE-466A-8CF2-40A46A427E35}
	EndGlobalSection
EndGlobal
